// !$*UTF8*$!
{
	archiveVersion = 1;
	classes = {
	};
	objectVersion = 46;
	objects = {

/* Begin PBXBuildFile section */
		A1039D181EB0B3E300CE0128 /* main.m in Sources */ = {isa = PBXBuildFile; fileRef = A1039D171EB0B3E300CE0128 /* main.m */; };
		A1039D1B1EB0B3E300CE0128 /* AppDelegate.m in Sources */ = {isa = PBXBuildFile; fileRef = A1039D1A1EB0B3E300CE0128 /* AppDelegate.m */; };
		A1039D1E1EB0B3E300CE0128 /* ViewController.m in Sources */ = {isa = PBXBuildFile; fileRef = A1039D1D1EB0B3E300CE0128 /* ViewController.m */; };
		A1039D211EB0B3E300CE0128 /* Main.storyboard in Resources */ = {isa = PBXBuildFile; fileRef = A1039D1F1EB0B3E300CE0128 /* Main.storyboard */; };
		A1039D231EB0B3E300CE0128 /* Assets.xcassets in Resources */ = {isa = PBXBuildFile; fileRef = A1039D221EB0B3E300CE0128 /* Assets.xcassets */; };
		A1039D261EB0B3E300CE0128 /* LaunchScreen.storyboard in Resources */ = {isa = PBXBuildFile; fileRef = A1039D241EB0B3E300CE0128 /* LaunchScreen.storyboard */; };
		A1039D311EB0B3E300CE0128 /* SQGL_lightDemoTests.m in Sources */ = {isa = PBXBuildFile; fileRef = A1039D301EB0B3E300CE0128 /* SQGL_lightDemoTests.m */; };
		A1039D3C1EB0B3E300CE0128 /* SQGL_lightDemoUITests.m in Sources */ = {isa = PBXBuildFile; fileRef = A1039D3B1EB0B3E300CE0128 /* SQGL_lightDemoUITests.m */; };
/* End PBXBuildFile section */

/* Begin PBXContainerItemProxy section */
		A1039D2D1EB0B3E300CE0128 /* PBXContainerItemProxy */ = {
			isa = PBXContainerItemProxy;
			containerPortal = A1039D0B1EB0B3E300CE0128 /* Project object */;
			proxyType = 1;
			remoteGlobalIDString = A1039D121EB0B3E300CE0128;
			remoteInfo = SQGL_lightDemo;
		};
		A1039D381EB0B3E300CE0128 /* PBXContainerItemProxy */ = {
			isa = PBXContainerItemProxy;
			containerPortal = A1039D0B1EB0B3E300CE0128 /* Project object */;
			proxyType = 1;
			remoteGlobalIDString = A1039D121EB0B3E300CE0128;
			remoteInfo = SQGL_lightDemo;
		};
/* End PBXContainerItemProxy section */

/* Begin PBXFileReference section */
		A1039D131EB0B3E300CE0128 /* SQGL_lightDemo.app */ = {isa = PBXFileReference; explicitFileType = wrapper.application; includeInIndex = 0; path = SQGL_lightDemo.app; sourceTree = BUILT_PRODUCTS_DIR; };
		A1039D171EB0B3E300CE0128 /* main.m */ = {isa = PBXFileReference; lastKnownFileType = sourcecode.c.objc; path = main.m; sourceTree = "<group>"; };
		A1039D191EB0B3E300CE0128 /* AppDelegate.h */ = {isa = PBXFileReference; lastKnownFileType = sourcecode.c.h; path = AppDelegate.h; sourceTree = "<group>"; };
		A1039D1A1EB0B3E300CE0128 /* AppDelegate.m */ = {isa = PBXFileReference; lastKnownFileType = sourcecode.c.objc; path = AppDelegate.m; sourceTree = "<group>"; };
		A1039D1C1EB0B3E300CE0128 /* ViewController.h */ = {isa = PBXFileReference; lastKnownFileType = sourcecode.c.h; path = ViewController.h; sourceTree = "<group>"; };
		A1039D1D1EB0B3E300CE0128 /* ViewController.m */ = {isa = PBXFileReference; lastKnownFileType = sourcecode.c.objc; path = ViewController.m; sourceTree = "<group>"; };
		A1039D201EB0B3E300CE0128 /* Base */ = {isa = PBXFileReference; lastKnownFileType = file.storyboard; name = Base; path = Base.lproj/Main.storyboard; sourceTree = "<group>"; };
		A1039D221EB0B3E300CE0128 /* Assets.xcassets */ = {isa = PBXFileReference; lastKnownFileType = folder.assetcatalog; path = Assets.xcassets; sourceTree = "<group>"; };
		A1039D251EB0B3E300CE0128 /* Base */ = {isa = PBXFileReference; lastKnownFileType = file.storyboard; name = Base; path = Base.lproj/LaunchScreen.storyboard; sourceTree = "<group>"; };
		A1039D271EB0B3E300CE0128 /* Info.plist */ = {isa = PBXFileReference; lastKnownFileType = text.plist.xml; path = Info.plist; sourceTree = "<group>"; };
		A1039D2C1EB0B3E300CE0128 /* SQGL_lightDemoTests.xctest */ = {isa = PBXFileReference; explicitFileType = wrapper.cfbundle; includeInIndex = 0; path = SQGL_lightDemoTests.xctest; sourceTree = BUILT_PRODUCTS_DIR; };
		A1039D301EB0B3E300CE0128 /* SQGL_lightDemoTests.m */ = {isa = PBXFileReference; lastKnownFileType = sourcecode.c.objc; path = SQGL_lightDemoTests.m; sourceTree = "<group>"; };
		A1039D321EB0B3E300CE0128 /* Info.plist */ = {isa = PBXFileReference; lastKnownFileType = text.plist.xml; path = Info.plist; sourceTree = "<group>"; };
		A1039D371EB0B3E300CE0128 /* SQGL_lightDemoUITests.xctest */ = {isa = PBXFileReference; explicitFileType = wrapper.cfbundle; includeInIndex = 0; path = SQGL_lightDemoUITests.xctest; sourceTree = BUILT_PRODUCTS_DIR; };
		A1039D3B1EB0B3E300CE0128 /* SQGL_lightDemoUITests.m */ = {isa = PBXFileReference; lastKnownFileType = sourcecode.c.objc; path = SQGL_lightDemoUITests.m; sourceTree = "<group>"; };
		A1039D3D1EB0B3E300CE0128 /* Info.plist */ = {isa = PBXFileReference; lastKnownFileType = text.plist.xml; path = Info.plist; sourceTree = "<group>"; };
/* End PBXFileReference section */

/* Begin PBXFrameworksBuildPhase section */
		A1039D101EB0B3E300CE0128 /* Frameworks */ = {
			isa = PBXFrameworksBuildPhase;
			buildActionMask = 2147483647;
			files = (
			);
			runOnlyForDeploymentPostprocessing = 0;
		};
		A1039D291EB0B3E300CE0128 /* Frameworks */ = {
			isa = PBXFrameworksBuildPhase;
			buildActionMask = 2147483647;
			files = (
			);
			runOnlyForDeploymentPostprocessing = 0;
		};
		A1039D341EB0B3E300CE0128 /* Frameworks */ = {
			isa = PBXFrameworksBuildPhase;
			buildActionMask = 2147483647;
			files = (
			);
			runOnlyForDeploymentPostprocessing = 0;
		};
/* End PBXFrameworksBuildPhase section */

/* Begin PBXGroup section */
		A1039D0A1EB0B3E300CE0128 = {
			isa = PBXGroup;
			children = (
				A1039D151EB0B3E300CE0128 /* SQGL_lightDemo */,
				A1039D2F1EB0B3E300CE0128 /* SQGL_lightDemoTests */,
				A1039D3A1EB0B3E300CE0128 /* SQGL_lightDemoUITests */,
				A1039D141EB0B3E300CE0128 /* Products */,
			);
			sourceTree = "<group>";
		};
		A1039D141EB0B3E300CE0128 /* Products */ = {
			isa = PBXGroup;
			children = (
				A1039D131EB0B3E300CE0128 /* SQGL_lightDemo.app */,
				A1039D2C1EB0B3E300CE0128 /* SQGL_lightDemoTests.xctest */,
				A1039D371EB0B3E300CE0128 /* SQGL_lightDemoUITests.xctest */,
			);
			name = Products;
			sourceTree = "<group>";
		};
		A1039D151EB0B3E300CE0128 /* SQGL_lightDemo */ = {
			isa = PBXGroup;
			children = (
				A1039D191EB0B3E300CE0128 /* AppDelegate.h */,
				A1039D1A1EB0B3E300CE0128 /* AppDelegate.m */,
				A1039D1C1EB0B3E300CE0128 /* ViewController.h */,
				A1039D1D1EB0B3E300CE0128 /* ViewController.m */,
				A1039D1F1EB0B3E300CE0128 /* Main.storyboard */,
				A1039D221EB0B3E300CE0128 /* Assets.xcassets */,
				A1039D241EB0B3E300CE0128 /* LaunchScreen.storyboard */,
				A1039D271EB0B3E300CE0128 /* Info.plist */,
				A1039D161EB0B3E300CE0128 /* Supporting Files */,
			);
			path = SQGL_lightDemo;
			sourceTree = "<group>";
		};
		A1039D161EB0B3E300CE0128 /* Supporting Files */ = {
			isa = PBXGroup;
			children = (
				A1039D171EB0B3E300CE0128 /* main.m */,
			);
			name = "Supporting Files";
			sourceTree = "<group>";
		};
		A1039D2F1EB0B3E300CE0128 /* SQGL_lightDemoTests */ = {
			isa = PBXGroup;
			children = (
				A1039D301EB0B3E300CE0128 /* SQGL_lightDemoTests.m */,
				A1039D321EB0B3E300CE0128 /* Info.plist */,
			);
			path = SQGL_lightDemoTests;
			sourceTree = "<group>";
		};
		A1039D3A1EB0B3E300CE0128 /* SQGL_lightDemoUITests */ = {
			isa = PBXGroup;
			children = (
				A1039D3B1EB0B3E300CE0128 /* SQGL_lightDemoUITests.m */,
				A1039D3D1EB0B3E300CE0128 /* Info.plist */,
			);
			path = SQGL_lightDemoUITests;
			sourceTree = "<group>";
		};
/* End PBXGroup section */

/* Begin PBXNativeTarget section */
		A1039D121EB0B3E300CE0128 /* SQGL_lightDemo */ = {
			isa = PBXNativeTarget;
			buildConfigurationList = A1039D401EB0B3E300CE0128 /* Build configuration list for PBXNativeTarget "SQGL_lightDemo" */;
			buildPhases = (
				A1039D0F1EB0B3E300CE0128 /* Sources */,
				A1039D101EB0B3E300CE0128 /* Frameworks */,
				A1039D111EB0B3E300CE0128 /* Resources */,
			);
			buildRules = (
			);
			dependencies = (
			);
			name = SQGL_lightDemo;
			productName = SQGL_lightDemo;
			productReference = A1039D131EB0B3E300CE0128 /* SQGL_lightDemo.app */;
			productType = "com.apple.product-type.application";
		};
		A1039D2B1EB0B3E300CE0128 /* SQGL_lightDemoTests */ = {
			isa = PBXNativeTarget;
			buildConfigurationList = A1039D431EB0B3E300CE0128 /* Build configuration list for PBXNativeTarget "SQGL_lightDemoTests" */;
			buildPhases = (
				A1039D281EB0B3E300CE0128 /* Sources */,
				A1039D291EB0B3E300CE0128 /* Frameworks */,
				A1039D2A1EB0B3E300CE0128 /* Resources */,
			);
			buildRules = (
			);
			dependencies = (
				A1039D2E1EB0B3E300CE0128 /* PBXTargetDependency */,
			);
			name = SQGL_lightDemoTests;
			productName = SQGL_lightDemoTests;
			productReference = A1039D2C1EB0B3E300CE0128 /* SQGL_lightDemoTests.xctest */;
			productType = "com.apple.product-type.bundle.unit-test";
		};
		A1039D361EB0B3E300CE0128 /* SQGL_lightDemoUITests */ = {
			isa = PBXNativeTarget;
			buildConfigurationList = A1039D461EB0B3E300CE0128 /* Build configuration list for PBXNativeTarget "SQGL_lightDemoUITests" */;
			buildPhases = (
				A1039D331EB0B3E300CE0128 /* Sources */,
				A1039D341EB0B3E300CE0128 /* Frameworks */,
				A1039D351EB0B3E300CE0128 /* Resources */,
			);
			buildRules = (
			);
			dependencies = (
				A1039D391EB0B3E300CE0128 /* PBXTargetDependency */,
			);
			name = SQGL_lightDemoUITests;
			productName = SQGL_lightDemoUITests;
			productReference = A1039D371EB0B3E300CE0128 /* SQGL_lightDemoUITests.xctest */;
			productType = "com.apple.product-type.bundle.ui-testing";
		};
/* End PBXNativeTarget section */

/* Begin PBXProject section */
		A1039D0B1EB0B3E300CE0128 /* Project object */ = {
			isa = PBXProject;
			attributes = {
				LastUpgradeCheck = 0830;
				ORGANIZATIONNAME = qbshen;
				TargetAttributes = {
					A1039D121EB0B3E300CE0128 = {
						CreatedOnToolsVersion = 8.3.1;
						DevelopmentTeam = L6EYUBTRJ5;
						ProvisioningStyle = Automatic;
					};
					A1039D2B1EB0B3E300CE0128 = {
						CreatedOnToolsVersion = 8.3.1;
						ProvisioningStyle = Automatic;
						TestTargetID = A1039D121EB0B3E300CE0128;
					};
					A1039D361EB0B3E300CE0128 = {
						CreatedOnToolsVersion = 8.3.1;
						ProvisioningStyle = Automatic;
						TestTargetID = A1039D121EB0B3E300CE0128;
					};
				};
			};
			buildConfigurationList = A1039D0E1EB0B3E300CE0128 /* Build configuration list for PBXProject "SQGL_lightDemo" */;
			compatibilityVersion = "Xcode 3.2";
			developmentRegion = English;
			hasScannedForEncodings = 0;
			knownRegions = (
				en,
				Base,
			);
			mainGroup = A1039D0A1EB0B3E300CE0128;
			productRefGroup = A1039D141EB0B3E300CE0128 /* Products */;
			projectDirPath = "";
			projectRoot = "";
			targets = (
				A1039D121EB0B3E300CE0128 /* SQGL_lightDemo */,
				A1039D2B1EB0B3E300CE0128 /* SQGL_lightDemoTests */,
				A1039D361EB0B3E300CE0128 /* SQGL_lightDemoUITests */,
			);
		};
/* End PBXProject section */

/* Begin PBXResourcesBuildPhase section */
		A1039D111EB0B3E300CE0128 /* Resources */ = {
			isa = PBXResourcesBuildPhase;
			buildActionMask = 2147483647;
			files = (
				A1039D261EB0B3E300CE0128 /* LaunchScreen.storyboard in Resources */,
				A1039D231EB0B3E300CE0128 /* Assets.xcassets in Resources */,
				A1039D211EB0B3E300CE0128 /* Main.storyboard in Resources */,
			);
			runOnlyForDeploymentPostprocessing = 0;
		};
		A1039D2A1EB0B3E300CE0128 /* Resources */ = {
			isa = PBXResourcesBuildPhase;
			buildActionMask = 2147483647;
			files = (
			);
			runOnlyForDeploymentPostprocessing = 0;
		};
		A1039D351EB0B3E300CE0128 /* Resources */ = {
			isa = PBXResourcesBuildPhase;
			buildActionMask = 2147483647;
			files = (
			);
			runOnlyForDeploymentPostprocessing = 0;
		};
/* End PBXResourcesBuildPhase section */

/* Begin PBXSourcesBuildPhase section */
		A1039D0F1EB0B3E300CE0128 /* Sources */ = {
			isa = PBXSourcesBuildPhase;
			buildActionMask = 2147483647;
			files = (
				A1039D1E1EB0B3E300CE0128 /* ViewController.m in Sources */,
				A1039D1B1EB0B3E300CE0128 /* AppDelegate.m in Sources */,
				A1039D181EB0B3E300CE0128 /* main.m in Sources */,
			);
			runOnlyForDeploymentPostprocessing = 0;
		};
		A1039D281EB0B3E300CE0128 /* Sources */ = {
			isa = PBXSourcesBuildPhase;
			buildActionMask = 2147483647;
			files = (
				A1039D311EB0B3E300CE0128 /* SQGL_lightDemoTests.m in Sources */,
			);
			runOnlyForDeploymentPostprocessing = 0;
		};
		A1039D331EB0B3E300CE0128 /* Sources */ = {
			isa = PBXSourcesBuildPhase;
			buildActionMask = 2147483647;
			files = (
				A1039D3C1EB0B3E300CE0128 /* SQGL_lightDemoUITests.m in Sources */,
			);
			runOnlyForDeploymentPostprocessing = 0;
		};
/* End PBXSourcesBuildPhase section */

/* Begin PBXTargetDependency section */
		A1039D2E1EB0B3E300CE0128 /* PBXTargetDependency */ = {
			isa = PBXTargetDependency;
			target = A1039D121EB0B3E300CE0128 /* SQGL_lightDemo */;
			targetProxy = A1039D2D1EB0B3E300CE0128 /* PBXContainerItemProxy */;
		};
		A1039D391EB0B3E300CE0128 /* PBXTargetDependency */ = {
			isa = PBXTargetDependency;
			target = A1039D121EB0B3E300CE0128 /* SQGL_lightDemo */;
			targetProxy = A1039D381EB0B3E300CE0128 /* PBXContainerItemProxy */;
		};
/* End PBXTargetDependency section */

/* Begin PBXVariantGroup section */
		A1039D1F1EB0B3E300CE0128 /* Main.storyboard */ = {
			isa = PBXVariantGroup;
			children = (
				A1039D201EB0B3E300CE0128 /* Base */,
			);
			name = Main.storyboard;
			sourceTree = "<group>";
		};
		A1039D241EB0B3E300CE0128 /* LaunchScreen.storyboard */ = {
			isa = PBXVariantGroup;
			children = (
				A1039D251EB0B3E300CE0128 /* Base */,
			);
			name = LaunchScreen.storyboard;
			sourceTree = "<group>";
		};
/* End PBXVariantGroup section */

/* Begin XCBuildConfiguration section */
		A1039D3E1EB0B3E300CE0128 /* Debug */ = {
			isa = XCBuildConfiguration;
			buildSettings = {
				ALWAYS_SEARCH_USER_PATHS = NO;
				CLANG_ANALYZER_NONNULL = YES;
				CLANG_ANALYZER_NUMBER_OBJECT_CONVERSION = YES_AGGRESSIVE;
				CLANG_CXX_LANGUAGE_STANDARD = "gnu++0x";
				CLANG_CXX_LIBRARY = "libc++";
				CLANG_ENABLE_MODULES = YES;
				CLANG_ENABLE_OBJC_ARC = YES;
				CLANG_WARN_BOOL_CONVERSION = YES;
				CLANG_WARN_CONSTANT_CONVERSION = YES;
				CLANG_WARN_DIRECT_OBJC_ISA_USAGE = YES_ERROR;
				CLANG_WARN_DOCUMENTATION_COMMENTS = YES;
				CLANG_WARN_EMPTY_BODY = YES;
				CLANG_WARN_ENUM_CONVERSION = YES;
				CLANG_WARN_INFINITE_RECURSION = YES;
				CLANG_WARN_INT_CONVERSION = YES;
				CLANG_WARN_OBJC_ROOT_CLASS = YES_ERROR;
				CLANG_WARN_SUSPICIOUS_MOVE = YES;
				CLANG_WARN_UNREACHABLE_CODE = YES;
				CLANG_WARN__DUPLICATE_METHOD_MATCH = YES;
				"CODE_SIGN_IDENTITY[sdk=iphoneos*]" = "iPhone Developer";
				COPY_PHASE_STRIP = NO;
				DEBUG_INFORMATION_FORMAT = dwarf;
				ENABLE_STRICT_OBJC_MSGSEND = YES;
				ENABLE_TESTABILITY = YES;
				GCC_C_LANGUAGE_STANDARD = gnu99;
				GCC_DYNAMIC_NO_PIC = NO;
				GCC_NO_COMMON_BLOCKS = YES;
				GCC_OPTIMIZATION_LEVEL = 0;
				GCC_PREPROCESSOR_DEFINITIONS = (
					"DEBUG=1",
					"$(inherited)",
				);
				GCC_WARN_64_TO_32_BIT_CONVERSION = YES;
				GCC_WARN_ABOUT_RETURN_TYPE = YES_ERROR;
				GCC_WARN_UNDECLARED_SELECTOR = YES;
				GCC_WARN_UNINITIALIZED_AUTOS = YES_AGGRESSIVE;
				GCC_WARN_UNUSED_FUNCTION = YES;
				GCC_WARN_UNUSED_VARIABLE = YES;
				IPHONEOS_DEPLOYMENT_TARGET = 10.3;
				MTL_ENABLE_DEBUG_INFO = YES;
				ONLY_ACTIVE_ARCH = YES;
				SDKROOT = iphoneos;
				TARGETED_DEVICE_FAMILY = "1,2";
			};
			name = Debug;
		};
		A1039D3F1EB0B3E300CE0128 /* Release */ = {
			isa = XCBuildConfiguration;
			buildSettings = {
				ALWAYS_SEARCH_USER_PATHS = NO;
				CLANG_ANALYZER_NONNULL = YES;
				CLANG_ANALYZER_NUMBER_OBJECT_CONVERSION = YES_AGGRESSIVE;
				CLANG_CXX_LANGUAGE_STANDARD = "gnu++0x";
				CLANG_CXX_LIBRARY = "libc++";
				CLANG_ENABLE_MODULES = YES;
				CLANG_ENABLE_OBJC_ARC = YES;
				CLANG_WARN_BOOL_CONVERSION = YES;
				CLANG_WARN_CONSTANT_CONVERSION = YES;
				CLANG_WARN_DIRECT_OBJC_ISA_USAGE = YES_ERROR;
				CLANG_WARN_DOCUMENTATION_COMMENTS = YES;
				CLANG_WARN_EMPTY_BODY = YES;
				CLANG_WARN_ENUM_CONVERSION = YES;
				CLANG_WARN_INFINITE_RECURSION = YES;
				CLANG_WARN_INT_CONVERSION = YES;
				CLANG_WARN_OBJC_ROOT_CLASS = YES_ERROR;
				CLANG_WARN_SUSPICIOUS_MOVE = YES;
				CLANG_WARN_UNREACHABLE_CODE = YES;
				CLANG_WARN__DUPLICATE_METHOD_MATCH = YES;
				"CODE_SIGN_IDENTITY[sdk=iphoneos*]" = "iPhone Developer";
				COPY_PHASE_STRIP = NO;
				DEBUG_INFORMATION_FORMAT = "dwarf-with-dsym";
				ENABLE_NS_ASSERTIONS = NO;
				ENABLE_STRICT_OBJC_MSGSEND = YES;
				GCC_C_LANGUAGE_STANDARD = gnu99;
				GCC_NO_COMMON_BLOCKS = YES;
				GCC_WARN_64_TO_32_BIT_CONVERSION = YES;
				GCC_WARN_ABOUT_RETURN_TYPE = YES_ERROR;
				GCC_WARN_UNDECLARED_SELECTOR = YES;
				GCC_WARN_UNINITIALIZED_AUTOS = YES_AGGRESSIVE;
				GCC_WARN_UNUSED_FUNCTION = YES;
				GCC_WARN_UNUSED_VARIABLE = YES;
				IPHONEOS_DEPLOYMENT_TARGET = 10.3;
				MTL_ENABLE_DEBUG_INFO = NO;
				SDKROOT = iphoneos;
				TARGETED_DEVICE_FAMILY = "1,2";
				VALIDATE_PRODUCT = YES;
			};
			name = Release;
		};
		A1039D411EB0B3E300CE0128 /* Debug */ = {
			isa = XCBuildConfiguration;
			buildSettings = {
				ASSETCATALOG_COMPILER_APPICON_NAME = AppIcon;
				DEVELOPMENT_TEAM = L6EYUBTRJ5;
				INFOPLIST_FILE = SQGL_lightDemo/Info.plist;
				IPHONEOS_DEPLOYMENT_TARGET = 9.1;
				LD_RUNPATH_SEARCH_PATHS = "$(inherited) @executable_path/Frameworks";
				PRODUCT_BUNDLE_IDENTIFIER = "com.qbshen.SQGL-lightDemo";
				PRODUCT_NAME = "$(TARGET_NAME)";
			};
			name = Debug;
		};
		A1039D421EB0B3E300CE0128 /* Release */ = {
			isa = XCBuildConfiguration;
			buildSettings = {
				ASSETCATALOG_COMPILER_APPICON_NAME = AppIcon;
				DEVELOPMENT_TEAM = L6EYUBTRJ5;
				INFOPLIST_FILE = SQGL_lightDemo/Info.plist;
				IPHONEOS_DEPLOYMENT_TARGET = 9.1;
				LD_RUNPATH_SEARCH_PATHS = "$(inherited) @executable_path/Frameworks";
				PRODUCT_BUNDLE_IDENTIFIER = "com.qbshen.SQGL-lightDemo";
				PRODUCT_NAME = "$(TARGET_NAME)";
			};
			name = Release;
		};
		A1039D441EB0B3E300CE0128 /* Debug */ = {
			isa = XCBuildConfiguration;
			buildSettings = {
				BUNDLE_LOADER = "$(TEST_HOST)";
				INFOPLIST_FILE = SQGL_lightDemoTests/Info.plist;
				LD_RUNPATH_SEARCH_PATHS = "$(inherited) @executable_path/Frameworks @loader_path/Frameworks";
				PRODUCT_BUNDLE_IDENTIFIER = "com.qbshen.SQGL-lightDemoTests";
				PRODUCT_NAME = "$(TARGET_NAME)";
				TEST_HOST = "$(BUILT_PRODUCTS_DIR)/SQGL_lightDemo.app/SQGL_lightDemo";
			};
			name = Debug;
		};
		A1039D451EB0B3E300CE0128 /* Release */ = {
			isa = XCBuildConfiguration;
			buildSettings = {
				BUNDLE_LOADER = "$(TEST_HOST)";
				INFOPLIST_FILE = SQGL_lightDemoTests/Info.plist;
				LD_RUNPATH_SEARCH_PATHS = "$(inherited) @executable_path/Frameworks @loader_path/Frameworks";
				PRODUCT_BUNDLE_IDENTIFIER = "com.qbshen.SQGL-lightDemoTests";
				PRODUCT_NAME = "$(TARGET_NAME)";
				TEST_HOST = "$(BUILT_PRODUCTS_DIR)/SQGL_lightDemo.app/SQGL_lightDemo";
			};
			name = Release;
		};
		A1039D471EB0B3E300CE0128 /* Debug */ = {
			isa = XCBuildConfiguration;
			buildSettings = {
				INFOPLIST_FILE = SQGL_lightDemoUITests/Info.plist;
				LD_RUNPATH_SEARCH_PATHS = "$(inherited) @executable_path/Frameworks @loader_path/Frameworks";
				PRODUCT_BUNDLE_IDENTIFIER = "com.qbshen.SQGL-lightDemoUITests";
				PRODUCT_NAME = "$(TARGET_NAME)";
				TEST_TARGET_NAME = SQGL_lightDemo;
			};
			name = Debug;
		};
		A1039D481EB0B3E300CE0128 /* Release */ = {
			isa = XCBuildConfiguration;
			buildSettings = {
				INFOPLIST_FILE = SQGL_lightDemoUITests/Info.plist;
				LD_RUNPATH_SEARCH_PATHS = "$(inherited) @executable_path/Frameworks @loader_path/Frameworks";
				PRODUCT_BUNDLE_IDENTIFIER = "com.qbshen.SQGL-lightDemoUITests";
				PRODUCT_NAME = "$(TARGET_NAME)";
				TEST_TARGET_NAME = SQGL_lightDemo;
			};
			name = Release;
		};
/* End XCBuildConfiguration section */

/* Begin XCConfigurationList section */
		A1039D0E1EB0B3E300CE0128 /* Build configuration list for PBXProject "SQGL_lightDemo" */ = {
			isa = XCConfigurationList;
			buildConfigurations = (
				A1039D3E1EB0B3E300CE0128 /* Debug */,
				A1039D3F1EB0B3E300CE0128 /* Release */,
			);
			defaultConfigurationIsVisible = 0;
			defaultConfigurationName = Release;
		};
		A1039D401EB0B3E300CE0128 /* Build configuration list for PBXNativeTarget "SQGL_lightDemo" */ = {
			isa = XCConfigurationList;
			buildConfigurations = (
				A1039D411EB0B3E300CE0128 /* Debug */,
				A1039D421EB0B3E300CE0128 /* Release */,
			);
			defaultConfigurationIsVisible = 0;
		};
		A1039D431EB0B3E300CE0128 /* Build configuration list for PBXNativeTarget "SQGL_lightDemoTests" */ = {
			isa = XCConfigurationList;
			buildConfigurations = (
				A1039D441EB0B3E300CE0128 /* Debug */,
				A1039D451EB0B3E300CE0128 /* Release */,
			);
			defaultConfigurationIsVisible = 0;
		};
		A1039D461EB0B3E300CE0128 /* Build configuration list for PBXNativeTarget "SQGL_lightDemoUITests" */ = {
			isa = XCConfigurationList;
			buildConfigurations = (
				A1039D471EB0B3E300CE0128 /* Debug */,
				A1039D481EB0B3E300CE0128 /* Release */,
			);
			defaultConfigurationIsVisible = 0;
		};
/* End XCConfigurationList section */
	};
	rootObject = A1039D0B1EB0B3E300CE0128 /* Project object */;
}
